
Microsoft Visual Studio Solution File, Format Version 12.00
# Visual Studio Version 16
VisualStudioVersion = 16.0.30406.217
MinimumVisualStudioVersion = 10.0.40219.1
Project("{FAE04EC0-301F-11D3-BF4B-00C04F79EFBC}") = "BrokenBlazor.Server", "BrokenBlazor\Server\BrokenBlazor.Server.csproj", "{8D48616E-DF21-4EBA-98D5-67E39F36D48E}"
EndProject
Project("{FAE04EC0-301F-11D3-BF4B-00C04F79EFBC}") = "BrokenBlazor.Client", "BrokenBlazor\Client\BrokenBlazor.Client.csproj", "{3EA75A0C-1D70-401E-BBE5-E5E9CE2BF091}"
EndProject
Project("{FAE04EC0-301F-11D3-BF4B-00C04F79EFBC}") = "BrokenBlazor.Shared", "BrokenBlazor\Shared\BrokenBlazor.Shared.csproj", "{2BCF6002-AD94-4193-891B-D52BE6B1FAF5}"
EndProject
Global
	GlobalSection(SolutionConfigurationPlatforms) = preSolution
		Debug|Any CPU = Debug|Any CPU
		Release|Any CPU = Release|Any CPU
	EndGlobalSection
	GlobalSection(ProjectConfigurationPlatforms) = postSolution
		{8D48616E-DF21-4EBA-98D5-67E39F36D48E}.Debug|Any CPU.ActiveCfg = Debug|Any CPU
		{8D48616E-DF21-4EBA-98D5-67E39F36D48E}.Debug|Any CPU.Build.0 = Debug|Any CPU
		{8D48616E-DF21-4EBA-98D5-67E39F36D48E}.Release|Any CPU.ActiveCfg = Release|Any CPU
		{8D48616E-DF21-4EBA-98D5-67E39F36D48E}.Release|Any CPU.Build.0 = Release|Any CPU
		{3EA75A0C-1D70-401E-BBE5-E5E9CE2BF091}.Debug|Any CPU.ActiveCfg = Debug|Any CPU
		{3EA75A0C-1D70-401E-BBE5-E5E9CE2BF091}.Debug|Any CPU.Build.0 = Debug|Any CPU
		{3EA75A0C-1D70-401E-BBE5-E5E9CE2BF091}.Release|Any CPU.ActiveCfg = Release|Any CPU
		{3EA75A0C-1D70-401E-BBE5-E5E9CE2BF091}.Release|Any CPU.Build.0 = Release|Any CPU
		{2BCF6002-AD94-4193-891B-D52BE6B1FAF5}.Debug|Any CPU.ActiveCfg = Debug|Any CPU
		{2BCF6002-AD94-4193-891B-D52BE6B1FAF5}.Debug|Any CPU.Build.0 = Debug|Any CPU
		{2BCF6002-AD94-4193-891B-D52BE6B1FAF5}.Release|Any CPU.ActiveCfg = Release|Any CPU
		{2BCF6002-AD94-4193-891B-D52BE6B1FAF5}.Release|Any CPU.Build.0 = Release|Any CPU
	EndGlobalSection
	GlobalSection(SolutionProperties) = preSolution
		HideSolutionNode = FALSE
	EndGlobalSection
	GlobalSection(ExtensibilityGlobals) = postSolution
		SolutionGuid = {CB1C2F82-ED4A-4ECE-BF70-F2BD3938E574}
	EndGlobalSection
EndGlobal
